{
  "nodes": {
    "flake-utils": {
      "locked": {
        "lastModified": 1642700792,
        "narHash": "sha256-XqHrk7hFb+zBvRg6Ghl+AZDq03ov6OshJLiSWOoX5es=",
        "owner": "numtide",
        "repo": "flake-utils",
        "rev": "846b2ae0fc4cc943637d3d1def4454213e203cba",
        "type": "github"
      },
      "original": {
        "owner": "numtide",
        "repo": "flake-utils",
        "type": "github"
      }
    },
    "mach-nix": {
      "inputs": {
        "flake-utils": "flake-utils",
        "nixpkgs": "nixpkgs",
        "pypi-deps-db": [
          "pypi-deps-db"
        ]
      },
      "locked": {
        "lastModified": 1654084003,
        "narHash": "sha256-j/XrVVistvM+Ua+0tNFvO5z83isL+LBgmBi9XppxuKA=",
        "owner": "DavHau",
        "repo": "mach-nix",
        "rev": "7e14360bde07dcae32e5e24f366c83272f52923f",
        "type": "github"
      },
      "original": {
        "owner": "DavHau",
        "ref": "3.5.0",
        "repo": "mach-nix",
        "type": "github"
      }
    },
    "nixpkgs": {
      "locked": {
        "lastModified": 1643805626,
        "narHash": "sha256-AXLDVMG+UaAGsGSpOtQHPIKB+IZ0KSd9WS77aanGzgc=",
        "owner": "NixOS",
        "repo": "nixpkgs",
        "rev": "554d2d8aa25b6e583575459c297ec23750adb6cb",
        "type": "github"
      },
      "original": {
        "id": "nixpkgs",
        "ref": "nixos-unstable",
        "type": "indirect"
      }
    },
    "nixpkgs_2": {
      "locked": {
        "lastModified": 1663372752,
        "narHash": "sha256-HxP/vZFDD/5Q9VEyX3VmsnCnm7vsH4IX6j/xE/+IVkc=",
        "owner": "NixOS",
        "repo": "nixpkgs",
        "rev": "d9a1414346059619d9e13ab93e749bbb82e5252a",
        "type": "github"
      },
      "original": {
        "id": "nixpkgs",
        "type": "indirect"
      }
    },
    "pypi-deps-db": {
      "flake": false,
      "locked": {
        "lastModified": 1663445851,
        "narHash": "sha256-LO71m21gHQQPHvfQqMfhkbY0kJ0pSRD82Fgkzi6KdFA=",
        "owner": "DavHau",
        "repo": "pypi-deps-db",
        "rev": "734a426875485ee5aca14f39910e004038c9b2b9",
        "type": "github"
      },
      "original": {
        "owner": "DavHau",
        "repo": "pypi-deps-db",
        "type": "github"
      }
    },
    "root": {
      "inputs": {
        "mach-nix": "mach-nix",
        "nixpkgs": "nixpkgs_2",
        "pypi-deps-db": "pypi-deps-db"
      }
    }
  },
  "root": "root",
  "version": 7
}
